
Microsoft Visual Studio Solution File, Format Version 12.00
# Visual Studio Version 17
VisualStudioVersion = 17.5.33502.453
MinimumVisualStudioVersion = 10.0.40219.1
Project("{FAE04EC0-301F-11D3-BF4B-00C04F79EFBC}") = "WindowsFormsApp1", "WindowsFormsApp1\WindowsFormsApp1.csproj", "{A2DE2B0A-D0F8-49F7-8687-29AAB13D4A4A}"
EndProject
Project("{FAE04EC0-301F-11D3-BF4B-00C04F79EFBC}") = "ISpan2023.EStore.SqlDataLayer", "ISpan2023.EStore.SqlDataLayer\ISpan2023.EStore.SqlDataLayer.csproj", "{2DFC27AF-511C-45C1-8719-9D72E979B53B}"
EndProject
Project("{FAE04EC0-301F-11D3-BF4B-00C04F79EFBC}") = "ConsoleApp1", "ConsoleApp1\ConsoleApp1.csproj", "{CDD59292-290C-4EFB-BE7C-4E3E93D743C6}"
EndProject
Project("{FAE04EC0-301F-11D3-BF4B-00C04F79EFBC}") = "ConsoleApp2", "ConsoleApp2\ConsoleApp2.csproj", "{E9729F1D-0ED5-439D-A41B-1A7691C29F85}"
EndProject
Project("{FAE04EC0-301F-11D3-BF4B-00C04F79EFBC}") = "ConsoleApp3", "ConsoleApp3\ConsoleApp3.csproj", "{A5DF6E91-0575-42AF-BA34-127A633A704B}"
EndProject
Project("{FAE04EC0-301F-11D3-BF4B-00C04F79EFBC}") = "ConsoleApp4", "ConsoleApp4\ConsoleApp4.csproj", "{57DBB4D3-2AFF-4F58-B297-21E7DF7523BC}"
EndProject
Project("{FAE04EC0-301F-11D3-BF4B-00C04F79EFBC}") = "ConsoleApp5", "ConsoleApp5\ConsoleApp5.csproj", "{6534E2A5-E6F7-4D7C-B387-11C6E92198B1}"
EndProject
Project("{2150E333-8FDC-42A3-9474-1A3956D46DE8}") = "Misc", "Misc", "{7D0E5135-924B-469A-B569-C22AD583D41D}"
EndProject
Project("{FAE04EC0-301F-11D3-BF4B-00C04F79EFBC}") = "ConsoleApp6", "ConsoleApp6\ConsoleApp6.csproj", "{68C92D29-A04A-49ED-B0F9-D23530001AE1}"
EndProject
Project("{FAE04EC0-301F-11D3-BF4B-00C04F79EFBC}") = "ConsoleApp7", "ConsoleApp7\ConsoleApp7.csproj", "{CAF77693-A4F6-4507-89B5-87A32C4696BA}"
EndProject
Project("{FAE04EC0-301F-11D3-BF4B-00C04F79EFBC}") = "ConsoleApp8", "ConsoleApp8\ConsoleApp8.csproj", "{A48EE256-A40A-4F59-B4EA-820B1C73AEB8}"
EndProject
Project("{FAE04EC0-301F-11D3-BF4B-00C04F79EFBC}") = "TestProject1", "TestProject1\TestProject1.csproj", "{40DE7587-E8EE-4599-A31D-A6EDB60DB266}"
EndProject
Project("{FAE04EC0-301F-11D3-BF4B-00C04F79EFBC}") = "ConsoleApp9", "ConsoleApp9\ConsoleApp9.csproj", "{A0D1BB80-C9BB-47DE-A959-FAA2987756C5}"
EndProject
Project("{FAE04EC0-301F-11D3-BF4B-00C04F79EFBC}") = "ConsoleApp10", "ConsoleApp10\ConsoleApp10.csproj", "{96460F2E-EBD9-4607-9731-34D4B360EED2}"
EndProject
Project("{FAE04EC0-301F-11D3-BF4B-00C04F79EFBC}") = "TestProject2", "TestProject2\TestProject2.csproj", "{2ABF7FA6-B960-4208-BF55-CC0C1B90283E}"
EndProject
Global
	GlobalSection(SolutionConfigurationPlatforms) = preSolution
		Debug|Any CPU = Debug|Any CPU
		Release|Any CPU = Release|Any CPU
	EndGlobalSection
	GlobalSection(ProjectConfigurationPlatforms) = postSolution
		{A2DE2B0A-D0F8-49F7-8687-29AAB13D4A4A}.Debug|Any CPU.ActiveCfg = Debug|Any CPU
		{A2DE2B0A-D0F8-49F7-8687-29AAB13D4A4A}.Debug|Any CPU.Build.0 = Debug|Any CPU
		{A2DE2B0A-D0F8-49F7-8687-29AAB13D4A4A}.Release|Any CPU.ActiveCfg = Release|Any CPU
		{A2DE2B0A-D0F8-49F7-8687-29AAB13D4A4A}.Release|Any CPU.Build.0 = Release|Any CPU
		{2DFC27AF-511C-45C1-8719-9D72E979B53B}.Debug|Any CPU.ActiveCfg = Debug|Any CPU
		{2DFC27AF-511C-45C1-8719-9D72E979B53B}.Debug|Any CPU.Build.0 = Debug|Any CPU
		{2DFC27AF-511C-45C1-8719-9D72E979B53B}.Release|Any CPU.ActiveCfg = Release|Any CPU
		{2DFC27AF-511C-45C1-8719-9D72E979B53B}.Release|Any CPU.Build.0 = Release|Any CPU
		{CDD59292-290C-4EFB-BE7C-4E3E93D743C6}.Debug|Any CPU.ActiveCfg = Debug|Any CPU
		{CDD59292-290C-4EFB-BE7C-4E3E93D743C6}.Debug|Any CPU.Build.0 = Debug|Any CPU
		{CDD59292-290C-4EFB-BE7C-4E3E93D743C6}.Release|Any CPU.ActiveCfg = Release|Any CPU
		{CDD59292-290C-4EFB-BE7C-4E3E93D743C6}.Release|Any CPU.Build.0 = Release|Any CPU
		{E9729F1D-0ED5-439D-A41B-1A7691C29F85}.Debug|Any CPU.ActiveCfg = Debug|Any CPU
		{E9729F1D-0ED5-439D-A41B-1A7691C29F85}.Debug|Any CPU.Build.0 = Debug|Any CPU
		{E9729F1D-0ED5-439D-A41B-1A7691C29F85}.Release|Any CPU.ActiveCfg = Release|Any CPU
		{E9729F1D-0ED5-439D-A41B-1A7691C29F85}.Release|Any CPU.Build.0 = Release|Any CPU
		{A5DF6E91-0575-42AF-BA34-127A633A704B}.Debug|Any CPU.ActiveCfg = Debug|Any CPU
		{A5DF6E91-0575-42AF-BA34-127A633A704B}.Debug|Any CPU.Build.0 = Debug|Any CPU
		{A5DF6E91-0575-42AF-BA34-127A633A704B}.Release|Any CPU.ActiveCfg = Release|Any CPU
		{A5DF6E91-0575-42AF-BA34-127A633A704B}.Release|Any CPU.Build.0 = Release|Any CPU
		{57DBB4D3-2AFF-4F58-B297-21E7DF7523BC}.Debug|Any CPU.ActiveCfg = Debug|Any CPU
		{57DBB4D3-2AFF-4F58-B297-21E7DF7523BC}.Debug|Any CPU.Build.0 = Debug|Any CPU
		{57DBB4D3-2AFF-4F58-B297-21E7DF7523BC}.Release|Any CPU.ActiveCfg = Release|Any CPU
		{57DBB4D3-2AFF-4F58-B297-21E7DF7523BC}.Release|Any CPU.Build.0 = Release|Any CPU
		{6534E2A5-E6F7-4D7C-B387-11C6E92198B1}.Debug|Any CPU.ActiveCfg = Debug|Any CPU
		{6534E2A5-E6F7-4D7C-B387-11C6E92198B1}.Debug|Any CPU.Build.0 = Debug|Any CPU
		{6534E2A5-E6F7-4D7C-B387-11C6E92198B1}.Release|Any CPU.ActiveCfg = Release|Any CPU
		{6534E2A5-E6F7-4D7C-B387-11C6E92198B1}.Release|Any CPU.Build.0 = Release|Any CPU
		{68C92D29-A04A-49ED-B0F9-D23530001AE1}.Debug|Any CPU.ActiveCfg = Debug|Any CPU
		{68C92D29-A04A-49ED-B0F9-D23530001AE1}.Debug|Any CPU.Build.0 = Debug|Any CPU
		{68C92D29-A04A-49ED-B0F9-D23530001AE1}.Release|Any CPU.ActiveCfg = Release|Any CPU
		{68C92D29-A04A-49ED-B0F9-D23530001AE1}.Release|Any CPU.Build.0 = Release|Any CPU
		{CAF77693-A4F6-4507-89B5-87A32C4696BA}.Debug|Any CPU.ActiveCfg = Debug|Any CPU
		{CAF77693-A4F6-4507-89B5-87A32C4696BA}.Debug|Any CPU.Build.0 = Debug|Any CPU
		{CAF77693-A4F6-4507-89B5-87A32C4696BA}.Release|Any CPU.ActiveCfg = Release|Any CPU
		{CAF77693-A4F6-4507-89B5-87A32C4696BA}.Release|Any CPU.Build.0 = Release|Any CPU
		{A48EE256-A40A-4F59-B4EA-820B1C73AEB8}.Debug|Any CPU.ActiveCfg = Debug|Any CPU
		{A48EE256-A40A-4F59-B4EA-820B1C73AEB8}.Debug|Any CPU.Build.0 = Debug|Any CPU
		{A48EE256-A40A-4F59-B4EA-820B1C73AEB8}.Release|Any CPU.ActiveCfg = Release|Any CPU
		{A48EE256-A40A-4F59-B4EA-820B1C73AEB8}.Release|Any CPU.Build.0 = Release|Any CPU
		{40DE7587-E8EE-4599-A31D-A6EDB60DB266}.Debug|Any CPU.ActiveCfg = Debug|Any CPU
		{40DE7587-E8EE-4599-A31D-A6EDB60DB266}.Debug|Any CPU.Build.0 = Debug|Any CPU
		{40DE7587-E8EE-4599-A31D-A6EDB60DB266}.Release|Any CPU.ActiveCfg = Release|Any CPU
		{40DE7587-E8EE-4599-A31D-A6EDB60DB266}.Release|Any CPU.Build.0 = Release|Any CPU
		{A0D1BB80-C9BB-47DE-A959-FAA2987756C5}.Debug|Any CPU.ActiveCfg = Debug|Any CPU
		{A0D1BB80-C9BB-47DE-A959-FAA2987756C5}.Debug|Any CPU.Build.0 = Debug|Any CPU
		{A0D1BB80-C9BB-47DE-A959-FAA2987756C5}.Release|Any CPU.ActiveCfg = Release|Any CPU
		{A0D1BB80-C9BB-47DE-A959-FAA2987756C5}.Release|Any CPU.Build.0 = Release|Any CPU
		{96460F2E-EBD9-4607-9731-34D4B360EED2}.Debug|Any CPU.ActiveCfg = Debug|Any CPU
		{96460F2E-EBD9-4607-9731-34D4B360EED2}.Debug|Any CPU.Build.0 = Debug|Any CPU
		{96460F2E-EBD9-4607-9731-34D4B360EED2}.Release|Any CPU.ActiveCfg = Release|Any CPU
		{96460F2E-EBD9-4607-9731-34D4B360EED2}.Release|Any CPU.Build.0 = Release|Any CPU
		{2ABF7FA6-B960-4208-BF55-CC0C1B90283E}.Debug|Any CPU.ActiveCfg = Debug|Any CPU
		{2ABF7FA6-B960-4208-BF55-CC0C1B90283E}.Debug|Any CPU.Build.0 = Debug|Any CPU
		{2ABF7FA6-B960-4208-BF55-CC0C1B90283E}.Release|Any CPU.ActiveCfg = Release|Any CPU
		{2ABF7FA6-B960-4208-BF55-CC0C1B90283E}.Release|Any CPU.Build.0 = Release|Any CPU
	EndGlobalSection
	GlobalSection(SolutionProperties) = preSolution
		HideSolutionNode = FALSE
	EndGlobalSection
	GlobalSection(NestedProjects) = preSolution
		{CDD59292-290C-4EFB-BE7C-4E3E93D743C6} = {7D0E5135-924B-469A-B569-C22AD583D41D}
		{E9729F1D-0ED5-439D-A41B-1A7691C29F85} = {7D0E5135-924B-469A-B569-C22AD583D41D}
		{A5DF6E91-0575-42AF-BA34-127A633A704B} = {7D0E5135-924B-469A-B569-C22AD583D41D}
		{57DBB4D3-2AFF-4F58-B297-21E7DF7523BC} = {7D0E5135-924B-469A-B569-C22AD583D41D}
		{6534E2A5-E6F7-4D7C-B387-11C6E92198B1} = {7D0E5135-924B-469A-B569-C22AD583D41D}
		{68C92D29-A04A-49ED-B0F9-D23530001AE1} = {7D0E5135-924B-469A-B569-C22AD583D41D}
		{CAF77693-A4F6-4507-89B5-87A32C4696BA} = {7D0E5135-924B-469A-B569-C22AD583D41D}
		{A48EE256-A40A-4F59-B4EA-820B1C73AEB8} = {7D0E5135-924B-469A-B569-C22AD583D41D}
		{40DE7587-E8EE-4599-A31D-A6EDB60DB266} = {7D0E5135-924B-469A-B569-C22AD583D41D}
		{A0D1BB80-C9BB-47DE-A959-FAA2987756C5} = {7D0E5135-924B-469A-B569-C22AD583D41D}
		{96460F2E-EBD9-4607-9731-34D4B360EED2} = {7D0E5135-924B-469A-B569-C22AD583D41D}
		{2ABF7FA6-B960-4208-BF55-CC0C1B90283E} = {7D0E5135-924B-469A-B569-C22AD583D41D}
	EndGlobalSection
	GlobalSection(ExtensibilityGlobals) = postSolution
		SolutionGuid = {3EE8CF7F-BB63-4BE2-B0F4-3FAE96CBA0C6}
	EndGlobalSection
EndGlobal
