
Microsoft Visual Studio Solution File, Format Version 12.00
# Visual Studio Version 17
VisualStudioVersion = 17.5.33502.453
MinimumVisualStudioVersion = 10.0.40219.1
Project("{FAE04EC0-301F-11D3-BF4B-00C04F79EFBC}") = "TextBoxAndTable", "TextBoxAndTable\TextBoxAndTable.csproj", "{7D648FF2-41A5-4A44-A9B8-7170101B82DE}"
EndProject
Global
	GlobalSection(SolutionConfigurationPlatforms) = preSolution
		Debug|Any CPU = Debug|Any CPU
		Release|Any CPU = Release|Any CPU
	EndGlobalSection
	GlobalSection(ProjectConfigurationPlatforms) = postSolution
		{7D648FF2-41A5-4A44-A9B8-7170101B82DE}.Debug|Any CPU.ActiveCfg = Debug|Any CPU
		{7D648FF2-41A5-4A44-A9B8-7170101B82DE}.Debug|Any CPU.Build.0 = Debug|Any CPU
		{7D648FF2-41A5-4A44-A9B8-7170101B82DE}.Release|Any CPU.ActiveCfg = Release|Any CPU
		{7D648FF2-41A5-4A44-A9B8-7170101B82DE}.Release|Any CPU.Build.0 = Release|Any CPU
	EndGlobalSection
	GlobalSection(SolutionProperties) = preSolution
		HideSolutionNode = FALSE
	EndGlobalSection
	GlobalSection(ExtensibilityGlobals) = postSolution
		SolutionGuid = {5D8168DB-6033-4A42-8263-09F491EC33CC}
	EndGlobalSection
EndGlobal
