
Microsoft Visual Studio Solution File, Format Version 12.00
# Visual Studio Version 17
VisualStudioVersion = 17.5.33502.453
MinimumVisualStudioVersion = 10.0.40219.1
Project("{FAE04EC0-301F-11D3-BF4B-00C04F79EFBC}") = "ISpan.ICook.Product", "ISpan.ICook.Commodity\ISpan.ICook.Product.csproj", "{FE5571A8-1950-49D5-A2E7-1F79514D1C49}"
EndProject
Project("{FAE04EC0-301F-11D3-BF4B-00C04F79EFBC}") = "FormItem", "FormItem\FormItem.csproj", "{64C5C968-8F32-4ACB-9180-D437D4D462BA}"
EndProject
Project("{FAE04EC0-301F-11D3-BF4B-00C04F79EFBC}") = "AdFakeDataMaker", "AdFakeDataMaker\AdFakeDataMaker.csproj", "{1E710E65-95F3-4DB0-B437-E98CBBA441B9}"
EndProject
Project("{FAE04EC0-301F-11D3-BF4B-00C04F79EFBC}") = "ConsoleForTest", "ConsoleForTest\ConsoleForTest.csproj", "{84C7A9B9-6BFC-40D1-8ECA-1495B4686AAE}"
EndProject
Global
	GlobalSection(SolutionConfigurationPlatforms) = preSolution
		Debug|Any CPU = Debug|Any CPU
		Release|Any CPU = Release|Any CPU
	EndGlobalSection
	GlobalSection(ProjectConfigurationPlatforms) = postSolution
		{FE5571A8-1950-49D5-A2E7-1F79514D1C49}.Debug|Any CPU.ActiveCfg = Debug|Any CPU
		{FE5571A8-1950-49D5-A2E7-1F79514D1C49}.Debug|Any CPU.Build.0 = Debug|Any CPU
		{FE5571A8-1950-49D5-A2E7-1F79514D1C49}.Release|Any CPU.ActiveCfg = Release|Any CPU
		{FE5571A8-1950-49D5-A2E7-1F79514D1C49}.Release|Any CPU.Build.0 = Release|Any CPU
		{64C5C968-8F32-4ACB-9180-D437D4D462BA}.Debug|Any CPU.ActiveCfg = Debug|Any CPU
		{64C5C968-8F32-4ACB-9180-D437D4D462BA}.Debug|Any CPU.Build.0 = Debug|Any CPU
		{64C5C968-8F32-4ACB-9180-D437D4D462BA}.Release|Any CPU.ActiveCfg = Release|Any CPU
		{64C5C968-8F32-4ACB-9180-D437D4D462BA}.Release|Any CPU.Build.0 = Release|Any CPU
		{1E710E65-95F3-4DB0-B437-E98CBBA441B9}.Debug|Any CPU.ActiveCfg = Debug|Any CPU
		{1E710E65-95F3-4DB0-B437-E98CBBA441B9}.Debug|Any CPU.Build.0 = Debug|Any CPU
		{1E710E65-95F3-4DB0-B437-E98CBBA441B9}.Release|Any CPU.ActiveCfg = Release|Any CPU
		{1E710E65-95F3-4DB0-B437-E98CBBA441B9}.Release|Any CPU.Build.0 = Release|Any CPU
		{84C7A9B9-6BFC-40D1-8ECA-1495B4686AAE}.Debug|Any CPU.ActiveCfg = Debug|Any CPU
		{84C7A9B9-6BFC-40D1-8ECA-1495B4686AAE}.Debug|Any CPU.Build.0 = Debug|Any CPU
		{84C7A9B9-6BFC-40D1-8ECA-1495B4686AAE}.Release|Any CPU.ActiveCfg = Release|Any CPU
		{84C7A9B9-6BFC-40D1-8ECA-1495B4686AAE}.Release|Any CPU.Build.0 = Release|Any CPU
	EndGlobalSection
	GlobalSection(SolutionProperties) = preSolution
		HideSolutionNode = FALSE
	EndGlobalSection
	GlobalSection(ExtensibilityGlobals) = postSolution
		SolutionGuid = {CE811C77-F701-4331-97FC-B7D027B56A8E}
	EndGlobalSection
EndGlobal
