
Microsoft Visual Studio Solution File, Format Version 12.00
# Visual Studio Version 17
VisualStudioVersion = 17.5.33502.453
MinimumVisualStudioVersion = 10.0.40219.1
Project("{FAE04EC0-301F-11D3-BF4B-00C04F79EFBC}") = "WindowsFormsApp1", "WindowsFormsApp1\WindowsFormsApp1.csproj", "{AC782605-E156-457F-ABA3-8CDB902D613E}"
EndProject
Global
	GlobalSection(SolutionConfigurationPlatforms) = preSolution
		Debug|Any CPU = Debug|Any CPU
		Release|Any CPU = Release|Any CPU
	EndGlobalSection
	GlobalSection(ProjectConfigurationPlatforms) = postSolution
		{AC782605-E156-457F-ABA3-8CDB902D613E}.Debug|Any CPU.ActiveCfg = Debug|Any CPU
		{AC782605-E156-457F-ABA3-8CDB902D613E}.Debug|Any CPU.Build.0 = Debug|Any CPU
		{AC782605-E156-457F-ABA3-8CDB902D613E}.Release|Any CPU.ActiveCfg = Release|Any CPU
		{AC782605-E156-457F-ABA3-8CDB902D613E}.Release|Any CPU.Build.0 = Release|Any CPU
	EndGlobalSection
	GlobalSection(SolutionProperties) = preSolution
		HideSolutionNode = FALSE
	EndGlobalSection
	GlobalSection(ExtensibilityGlobals) = postSolution
		SolutionGuid = {49DB3D95-C84F-411A-B73A-E108FBD30623}
	EndGlobalSection
EndGlobal
